{
  "name": "token-2022-solana-spl",
  "lockfileVersion": 3,
  "requires": true,
  "packages": {
    "": {
      "devDependencies": {
        "@codama/renderers-js": "^1.2.10",
        "@codama/renderers-rust": "^1.0.19",
        "@iarna/toml": "^2.2.5",
        "codama": "^1.2.11",
        "typescript": "^5.8.3",
        "zx": "^8.5.3"
      },
      "engines": {
        "node": ">=v20.0.0"
      }
    },
    "node_modules/@codama/cli": {
      "version": "1.0.11",
      "resolved": "https://registry.npmjs.org/@codama/cli/-/cli-1.0.11.tgz",
      "integrity": "sha512-YpWmycuw/DHCv3qADbcD00G6r292nNXEDgNm27JKmI6QH7CedQxJbkM5Jp8uV26r7JzI8mHxdt2V2H8vLMEYBw==",
      "dev": true,
      "dependencies": {
        "@codama/nodes": "1.2.12",
        "@codama/nodes-from-anchor": "1.1.12",
        "@codama/renderers": "1.0.20",
        "@codama/renderers-js": "1.2.11",
        "@codama/renderers-js-umi": "1.1.13",
        "@codama/renderers-rust": "1.0.20",
        "@codama/visitors": "1.2.12",
        "@codama/visitors-core": "1.2.12",
        "commander": "^13.1.0",
        "picocolors": "^1.1.1",
        "prompts": "^2.4.2"
      }
    },
    "node_modules/@codama/errors": {
      "version": "1.2.12",
      "resolved": "https://registry.npmjs.org/@codama/errors/-/errors-1.2.12.tgz",
      "integrity": "sha512-OiW5ZkkbTAUUpejgyuOVlgdOpAdDmnlIj0wFJndBOLZkg05MNVhlzQYqiVtMnCz9oJFWc+90BYXVE7vl/qfmow==",
      "dev": true,
      "dependencies": {
        "@codama/node-types": "1.2.12",
        "chalk": "^5.4.1",
        "commander": "^13.1.0"
      },
      "bin": {
        "errors": "bin/cli.cjs"
      }
    },
    "node_modules/@codama/node-types": {
      "version": "1.2.12",
      "resolved": "https://registry.npmjs.org/@codama/node-types/-/node-types-1.2.12.tgz",
      "integrity": "sha512-xS+xe9msdLfjd+R/peIzmU5Hiy+FOR2upH5GKUAqTWa/w03J4HBocHnnPPYyw1JhRRLAPm6S0Y4Dm9eSWaGSqA==",
      "dev": true
    },
    "node_modules/@codama/nodes": {
      "version": "1.2.12",
      "resolved": "https://registry.npmjs.org/@codama/nodes/-/nodes-1.2.12.tgz",
      "integrity": "sha512-AqfWuuz7LsoXfijBEPGpQtIMaf0IeE4Vpc7T71PpTO4pO7Po2XeOSw28exv//1FuuCc43GKhAvafUq/6H8LK1g==",
      "dev": true,
      "dependencies": {
        "@codama/errors": "1.2.12",
        "@codama/node-types": "1.2.12"
      }
    },
    "node_modules/@codama/nodes-from-anchor": {
      "version": "1.1.12",
      "resolved": "https://registry.npmjs.org/@codama/nodes-from-anchor/-/nodes-from-anchor-1.1.12.tgz",
      "integrity": "sha512-SMWfyqf0okPLDUkQQIChuOIRGYJzJyM2WqRwmdh/cDsMKSuYJlKq63eMW1QrYLROGuGngLoHQdi1s7xd9JxGKg==",
      "dev": true,
      "dependencies": {
        "@codama/errors": "1.2.12",
        "@codama/nodes": "1.2.12",
        "@codama/visitors": "1.2.12",
        "@noble/hashes": "^1.8.0",
        "@solana/codecs": "2.1.0"
      }
    },
    "node_modules/@codama/renderers": {
      "version": "1.0.20",
      "resolved": "https://registry.npmjs.org/@codama/renderers/-/renderers-1.0.20.tgz",
      "integrity": "sha512-gdLYqUf/Ajxxf2BaUXpvU4k/gQylWvj4JbcWhibw0tUdpujOTfzqP0HgAAS5ZCQEX2k+TRFGdQ1Mw8lF4UKyCg==",
      "dev": true,
      "dependencies": {
        "@codama/renderers-js": "1.2.11",
        "@codama/renderers-js-umi": "1.1.13",
        "@codama/renderers-rust": "1.0.20"
      }
    },
    "node_modules/@codama/renderers-core": {
      "version": "1.0.14",
      "resolved": "https://registry.npmjs.org/@codama/renderers-core/-/renderers-core-1.0.14.tgz",
      "integrity": "sha512-gdBJ+1+gExx3FrT3XH3a9SWOr7dVjL9zXORt5zXmmPxZX1X12FbtT5heVZ5iZGNVRR5O8LA+HgLsv99Eh81P9Q==",
      "dev": true,
      "dependencies": {
        "@codama/errors": "1.2.12",
        "@codama/nodes": "1.2.12",
        "@codama/visitors-core": "1.2.12"
      }
    },
    "node_modules/@codama/renderers-js": {
      "version": "1.2.11",
      "resolved": "https://registry.npmjs.org/@codama/renderers-js/-/renderers-js-1.2.11.tgz",
      "integrity": "sha512-oQpydrjv342AIaEh4dzKUuErhejTo4KQ90KjGPvd7waY55Xvv9Fx7mKJkBGDwWCR57YjG7oJ/YaxajxY39f0gw==",
      "dev": true,
      "dependencies": {
        "@codama/errors": "1.2.12",
        "@codama/nodes": "1.2.12",
        "@codama/nodes-from-anchor": "1.1.12",
        "@codama/renderers-core": "1.0.14",
        "@codama/visitors-core": "1.2.12",
        "@solana/codecs-strings": "rc",
        "nunjucks": "^3.2.4",
        "prettier": "^3.5.3"
      }
    },
    "node_modules/@codama/renderers-js-umi": {
      "version": "1.1.13",
      "resolved": "https://registry.npmjs.org/@codama/renderers-js-umi/-/renderers-js-umi-1.1.13.tgz",
      "integrity": "sha512-dtoNbAo5pKi0UrBd7UWxrQ6zkKNBcclH1XsPpFMvZT/hZNFHpdSLmCV8OJS5if1qfClsx9KABDHYvJXwgscJcw==",
      "dev": true,
      "dependencies": {
        "@codama/errors": "1.2.12",
        "@codama/nodes": "1.2.12",
        "@codama/renderers-core": "1.0.14",
        "@codama/validators": "1.2.12",
        "@codama/visitors-core": "1.2.12",
        "@solana/codecs-strings": "rc",
        "nunjucks": "^3.2.4",
        "prettier": "^3.5.3"
      }
    },
    "node_modules/@codama/renderers-rust": {
      "version": "1.0.20",
      "resolved": "https://registry.npmjs.org/@codama/renderers-rust/-/renderers-rust-1.0.20.tgz",
      "integrity": "sha512-EBlY8RsKimCZJVFHrxL0uLiTnkVZp/8kMgR1CxDkLn2czJ1VrjgnvzjfFCFJe6LPBBgBFrckHs4cvDcj8738vA==",
      "dev": true,
      "dependencies": {
        "@codama/errors": "1.2.12",
        "@codama/nodes": "1.2.12",
        "@codama/renderers-core": "1.0.14",
        "@codama/visitors-core": "1.2.12",
        "@solana/codecs-strings": "rc",
        "nunjucks": "^3.2.4"
      }
    },
    "node_modules/@codama/validators": {
      "version": "1.2.12",
      "resolved": "https://registry.npmjs.org/@codama/validators/-/validators-1.2.12.tgz",
      "integrity": "sha512-5KFfHmr8EKudmZRYkKtba5dTbq55q4e2oWi+GElde3r+5SUESEzEVOwnkiqXiDFKTR2QMbFDzvsm+sT8eZJAwg==",
      "dev": true,
      "dependencies": {
        "@codama/errors": "1.2.12",
        "@codama/nodes": "1.2.12",
        "@codama/visitors-core": "1.2.12"
      }
    },
    "node_modules/@codama/visitors": {
      "version": "1.2.12",
      "resolved": "https://registry.npmjs.org/@codama/visitors/-/visitors-1.2.12.tgz",
      "integrity": "sha512-Xgo4dIr41Kk/ZosjroBrwRHHr2hAHuiGt83lj88ysVorSiBbdR0u3oXaLKkq+zGQCRVuUPEqo6BXdhjLyY85pQ==",
      "dev": true,
      "dependencies": {
        "@codama/errors": "1.2.12",
        "@codama/nodes": "1.2.12",
        "@codama/visitors-core": "1.2.12"
      }
    },
    "node_modules/@codama/visitors-core": {
      "version": "1.2.12",
      "resolved": "https://registry.npmjs.org/@codama/visitors-core/-/visitors-core-1.2.12.tgz",
      "integrity": "sha512-9oqIhFm9opmKD3vBe6gM5h07AX5lUN2eBXV8XVOBGAq8NoC7sjdBRtaO3NSFJLDkiyHWwhPzvBba9LQ7sciOIA==",
      "dev": true,
      "dependencies": {
        "@codama/errors": "1.2.12",
        "@codama/nodes": "1.2.12",
        "json-stable-stringify": "^1.3.0"
      }
    },
    "node_modules/@iarna/toml": {
      "version": "2.2.5",
      "resolved": "https://registry.npmjs.org/@iarna/toml/-/toml-2.2.5.tgz",
      "integrity": "sha512-trnsAYxU3xnS1gPHPyU961coFyLkh4gAD/0zQ5mymY4yOZ+CYvsPqUbOFSw0aDM4y0tV7tiFxL/1XfXPNC6IPg==",
      "dev": true
    },
    "node_modules/@noble/hashes": {
      "version": "1.8.0",
      "resolved": "https://registry.npmjs.org/@noble/hashes/-/hashes-1.8.0.tgz",
      "integrity": "sha512-jCs9ldd7NwzpgXDIf6P3+NrHh9/sD6CQdxHyjQI+h/6rDNo88ypBxxz45UDuZHz9r3tNz7N/VInSVoVdtXEI4A==",
      "dev": true,
      "engines": {
        "node": "^14.21.3 || >=16"
      },
      "funding": {
        "url": "https://paulmillr.com/funding/"
      }
    },
    "node_modules/@solana/codecs": {
      "version": "2.1.0",
      "resolved": "https://registry.npmjs.org/@solana/codecs/-/codecs-2.1.0.tgz",
      "integrity": "sha512-C0TnfrpbTg7zoIFYfM65ofeL2AWEz80OsD6mjVdcTKpb1Uj7XuBuNLss3dMnatPQaL7RagD9VLA5/WfYayyteQ==",
      "dev": true,
      "dependencies": {
        "@solana/codecs-core": "2.1.0",
        "@solana/codecs-data-structures": "2.1.0",
        "@solana/codecs-numbers": "2.1.0",
        "@solana/codecs-strings": "2.1.0",
        "@solana/options": "2.1.0"
      },
      "engines": {
        "node": ">=20.18.0"
      },
      "peerDependencies": {
        "typescript": ">=5"
      }
    },
    "node_modules/@solana/codecs-core": {
      "version": "2.1.0",
      "resolved": "https://registry.npmjs.org/@solana/codecs-core/-/codecs-core-2.1.0.tgz",
      "integrity": "sha512-SR7pKtmJBg2mhmkel2NeHA1pz06QeQXdMv8WJoIR9m8F/hw80K/612uaYbwTt2nkK0jg/Qn/rNSd7EcJ4SBGjw==",
      "dev": true,
      "dependencies": {
        "@solana/errors": "2.1.0"
      },
      "engines": {
        "node": ">=20.18.0"
      },
      "peerDependencies": {
        "typescript": ">=5"
      }
    },
    "node_modules/@solana/codecs-data-structures": {
      "version": "2.1.0",
      "resolved": "https://registry.npmjs.org/@solana/codecs-data-structures/-/codecs-data-structures-2.1.0.tgz",
      "integrity": "sha512-oDF5ek54kirqJ09q8k/qEpobBiWOhd3CkkGOTyfjsmTF/IGIigNbdYIakxV3+vudBeaNBw08y0XdBYI4JL/nqA==",
      "dev": true,
      "dependencies": {
        "@solana/codecs-core": "2.1.0",
        "@solana/codecs-numbers": "2.1.0",
        "@solana/errors": "2.1.0"
      },
      "engines": {
        "node": ">=20.18.0"
      },
      "peerDependencies": {
        "typescript": ">=5"
      }
    },
    "node_modules/@solana/codecs-numbers": {
      "version": "2.1.0",
      "resolved": "https://registry.npmjs.org/@solana/codecs-numbers/-/codecs-numbers-2.1.0.tgz",
      "integrity": "sha512-XMu4yw5iCgQnMKsxSWPPOrGgtaohmupN3eyAtYv3K3C/MJEc5V90h74k5B1GUCiHvcrdUDO9RclNjD9lgbjFag==",
      "dev": true,
      "dependencies": {
        "@solana/codecs-core": "2.1.0",
        "@solana/errors": "2.1.0"
      },
      "engines": {
        "node": ">=20.18.0"
      },
      "peerDependencies": {
        "typescript": ">=5"
      }
    },
    "node_modules/@solana/codecs-strings": {
      "version": "2.1.0",
      "resolved": "https://registry.npmjs.org/@solana/codecs-strings/-/codecs-strings-2.1.0.tgz",
      "integrity": "sha512-O/eJFLzFrHomcCR1Y5QbIqoPo7iaJaWNnIeskB4mVhVjLyjlJS4WtBP2NBRzM9uJXaXyOxxKroqqO9zFsHOpvQ==",
      "dev": true,
      "dependencies": {
        "@solana/codecs-core": "2.1.0",
        "@solana/codecs-numbers": "2.1.0",
        "@solana/errors": "2.1.0"
      },
      "engines": {
        "node": ">=20.18.0"
      },
      "peerDependencies": {
        "fastestsmallesttextencoderdecoder": "^1.0.22",
        "typescript": ">=5"
      }
    },
    "node_modules/@solana/errors": {
      "version": "2.1.0",
      "resolved": "https://registry.npmjs.org/@solana/errors/-/errors-2.1.0.tgz",
      "integrity": "sha512-l+GxAv0Ar4d3c3PlZdA9G++wFYZREEbbRyAFP8+n8HSg0vudCuzogh/13io6hYuUhG/9Ve8ARZNamhV7UScKNw==",
      "dev": true,
      "dependencies": {
        "chalk": "^5.3.0",
        "commander": "^13.1.0"
      },
      "bin": {
        "errors": "bin/cli.mjs"
      },
      "engines": {
        "node": ">=20.18.0"
      },
      "peerDependencies": {
        "typescript": ">=5"
      }
    },
    "node_modules/@solana/options": {
      "version": "2.1.0",
      "resolved": "https://registry.npmjs.org/@solana/options/-/options-2.1.0.tgz",
      "integrity": "sha512-T/vJCr8qnwK6HxriOPXCrx31IpA9ZYecxuOzQ3G74kIayED4spmpXp6PLtRYR/fo2LZ6UcgHN0qSgONnvwEweg==",
      "dev": true,
      "dependencies": {
        "@solana/codecs-core": "2.1.0",
        "@solana/codecs-data-structures": "2.1.0",
        "@solana/codecs-numbers": "2.1.0",
        "@solana/codecs-strings": "2.1.0",
        "@solana/errors": "2.1.0"
      },
      "engines": {
        "node": ">=20.18.0"
      },
      "peerDependencies": {
        "typescript": ">=5"
      }
    },
    "node_modules/a-sync-waterfall": {
      "version": "1.0.1",
      "resolved": "https://registry.npmjs.org/a-sync-waterfall/-/a-sync-waterfall-1.0.1.tgz",
      "integrity": "sha512-RYTOHHdWipFUliRFMCS4X2Yn2X8M87V/OpSqWzKKOGhzqyUxzyVmhHDH9sAvG+ZuQf/TAOFsLCpMw09I1ufUnA==",
      "dev": true
    },
    "node_modules/asap": {
      "version": "2.0.6",
      "resolved": "https://registry.npmjs.org/asap/-/asap-2.0.6.tgz",
      "integrity": "sha512-BSHWgDSAiKs50o2Re8ppvp3seVHXSRM44cdSsT9FfNEUUZLOGWVCsiWaRPWM1Znn+mqZ1OfVZ3z3DWEzSp7hRA==",
      "dev": true
    },
    "node_modules/call-bind": {
      "version": "1.0.8",
      "resolved": "https://registry.npmjs.org/call-bind/-/call-bind-1.0.8.tgz",
      "integrity": "sha512-oKlSFMcMwpUg2ednkhQ454wfWiU/ul3CkJe/PEHcTKuiX6RpbehUiFMXu13HalGZxfUwCQzZG747YXBn1im9ww==",
      "dev": true,
      "dependencies": {
        "call-bind-apply-helpers": "^1.0.0",
        "es-define-property": "^1.0.0",
        "get-intrinsic": "^1.2.4",
        "set-function-length": "^1.2.2"
      },
      "engines": {
        "node": ">= 0.4"
      },
      "funding": {
        "url": "https://github.com/sponsors/ljharb"
      }
    },
    "node_modules/call-bind-apply-helpers": {
      "version": "1.0.2",
      "resolved": "https://registry.npmjs.org/call-bind-apply-helpers/-/call-bind-apply-helpers-1.0.2.tgz",
      "integrity": "sha512-Sp1ablJ0ivDkSzjcaJdxEunN5/XvksFJ2sMBFfq6x0ryhQV/2b/KwFe21cMpmHtPOSij8K99/wSfoEuTObmuMQ==",
      "dev": true,
      "dependencies": {
        "es-errors": "^1.3.0",
        "function-bind": "^1.1.2"
      },
      "engines": {
        "node": ">= 0.4"
      }
    },
    "node_modules/call-bound": {
      "version": "1.0.4",
      "resolved": "https://registry.npmjs.org/call-bound/-/call-bound-1.0.4.tgz",
      "integrity": "sha512-+ys997U96po4Kx/ABpBCqhA9EuxJaQWDQg7295H4hBphv3IZg0boBKuwYpt4YXp6MZ5AmZQnU/tyMTlRpaSejg==",
      "dev": true,
      "dependencies": {
        "call-bind-apply-helpers": "^1.0.2",
        "get-intrinsic": "^1.3.0"
      },
      "engines": {
        "node": ">= 0.4"
      },
      "funding": {
        "url": "https://github.com/sponsors/ljharb"
      }
    },
    "node_modules/chalk": {
      "version": "5.4.1",
      "resolved": "https://registry.npmjs.org/chalk/-/chalk-5.4.1.tgz",
      "integrity": "sha512-zgVZuo2WcZgfUEmsn6eO3kINexW8RAE4maiQ8QNs8CtpPCSyMiYsULR3HQYkm3w8FIA3SberyMJMSldGsW+U3w==",
      "dev": true,
      "engines": {
        "node": "^12.17.0 || ^14.13 || >=16.0.0"
      },
      "funding": {
        "url": "https://github.com/chalk/chalk?sponsor=1"
      }
    },
    "node_modules/codama": {
      "version": "1.2.12",
      "resolved": "https://registry.npmjs.org/codama/-/codama-1.2.12.tgz",
      "integrity": "sha512-V8Xb5l25KaLQ4NJih34pYdLS7HBdLbSooTgTDjikZapCPZbbVJXGPNFOu54fTW2WLgafgSjFt3tAi/8Bj+94cg==",
      "dev": true,
      "dependencies": {
        "@codama/cli": "1.0.11",
        "@codama/errors": "1.2.12",
        "@codama/nodes": "1.2.12",
        "@codama/validators": "1.2.12",
        "@codama/visitors": "1.2.12"
      },
      "bin": {
        "codama": "bin/cli.cjs"
      }
    },
    "node_modules/commander": {
      "version": "13.1.0",
      "resolved": "https://registry.npmjs.org/commander/-/commander-13.1.0.tgz",
      "integrity": "sha512-/rFeCpNJQbhSZjGVwO9RFV3xPqbnERS8MmIQzCtD/zl6gpJuV/bMLuN92oG3F7d8oDEHHRrujSXNUr8fpjntKw==",
      "dev": true,
      "engines": {
        "node": ">=18"
      }
    },
    "node_modules/define-data-property": {
      "version": "1.1.4",
      "resolved": "https://registry.npmjs.org/define-data-property/-/define-data-property-1.1.4.tgz",
      "integrity": "sha512-rBMvIzlpA8v6E+SJZoo++HAYqsLrkg7MSfIinMPFhmkorw7X+dOXVJQs+QT69zGkzMyfDnIMN2Wid1+NbL3T+A==",
      "dev": true,
      "dependencies": {
        "es-define-property": "^1.0.0",
        "es-errors": "^1.3.0",
        "gopd": "^1.0.1"
      },
      "engines": {
        "node": ">= 0.4"
      },
      "funding": {
        "url": "https://github.com/sponsors/ljharb"
      }
    },
    "node_modules/dunder-proto": {
      "version": "1.0.1",
      "resolved": "https://registry.npmjs.org/dunder-proto/-/dunder-proto-1.0.1.tgz",
      "integrity": "sha512-KIN/nDJBQRcXw0MLVhZE9iQHmG68qAVIBg9CqmUYjmQIhgij9U5MFvrqkUL5FbtyyzZuOeOt0zdeRe4UY7ct+A==",
      "dev": true,
      "dependencies": {
        "call-bind-apply-helpers": "^1.0.1",
        "es-errors": "^1.3.0",
        "gopd": "^1.2.0"
      },
      "engines": {
        "node": ">= 0.4"
      }
    },
    "node_modules/es-define-property": {
      "version": "1.0.1",
      "resolved": "https://registry.npmjs.org/es-define-property/-/es-define-property-1.0.1.tgz",
      "integrity": "sha512-e3nRfgfUZ4rNGL232gUgX06QNyyez04KdjFrF+LTRoOXmrOgFKDg4BCdsjW8EnT69eqdYGmRpJwiPVYNrCaW3g==",
      "dev": true,
      "engines": {
        "node": ">= 0.4"
      }
    },
    "node_modules/es-errors": {
      "version": "1.3.0",
      "resolved": "https://registry.npmjs.org/es-errors/-/es-errors-1.3.0.tgz",
      "integrity": "sha512-Zf5H2Kxt2xjTvbJvP2ZWLEICxA6j+hAmMzIlypy4xcBg1vKVnx89Wy0GbS+kf5cwCVFFzdCFh2XSCFNULS6csw==",
      "dev": true,
      "engines": {
        "node": ">= 0.4"
      }
    },
    "node_modules/es-object-atoms": {
      "version": "1.1.1",
      "resolved": "https://registry.npmjs.org/es-object-atoms/-/es-object-atoms-1.1.1.tgz",
      "integrity": "sha512-FGgH2h8zKNim9ljj7dankFPcICIK9Cp5bm+c2gQSYePhpaG5+esrLODihIorn+Pe6FGJzWhXQotPv73jTaldXA==",
      "dev": true,
      "dependencies": {
        "es-errors": "^1.3.0"
      },
      "engines": {
        "node": ">= 0.4"
      }
    },
    "node_modules/fastestsmallesttextencoderdecoder": {
      "version": "1.0.22",
      "resolved": "https://registry.npmjs.org/fastestsmallesttextencoderdecoder/-/fastestsmallesttextencoderdecoder-1.0.22.tgz",
      "integrity": "sha512-Pb8d48e+oIuY4MaM64Cd7OW1gt4nxCHs7/ddPPZ/Ic3sg8yVGM7O9wDvZ7us6ScaUupzM+pfBolwtYhN1IxBIw==",
      "dev": true,
      "peer": true
    },
    "node_modules/function-bind": {
      "version": "1.1.2",
      "resolved": "https://registry.npmjs.org/function-bind/-/function-bind-1.1.2.tgz",
      "integrity": "sha512-7XHNxH7qX9xG5mIwxkhumTox/MIRNcOgDrxWsMt2pAr23WHp6MrRlN7FBSFpCpr+oVO0F744iUgR82nJMfG2SA==",
      "dev": true,
      "funding": {
        "url": "https://github.com/sponsors/ljharb"
      }
    },
    "node_modules/get-intrinsic": {
      "version": "1.3.0",
      "resolved": "https://registry.npmjs.org/get-intrinsic/-/get-intrinsic-1.3.0.tgz",
      "integrity": "sha512-9fSjSaos/fRIVIp+xSJlE6lfwhES7LNtKaCBIamHsjr2na1BiABJPo0mOjjz8GJDURarmCPGqaiVg5mfjb98CQ==",
      "dev": true,
      "dependencies": {
        "call-bind-apply-helpers": "^1.0.2",
        "es-define-property": "^1.0.1",
        "es-errors": "^1.3.0",
        "es-object-atoms": "^1.1.1",
        "function-bind": "^1.1.2",
        "get-proto": "^1.0.1",
        "gopd": "^1.2.0",
        "has-symbols": "^1.1.0",
        "hasown": "^2.0.2",
        "math-intrinsics": "^1.1.0"
      },
      "engines": {
        "node": ">= 0.4"
      },
      "funding": {
        "url": "https://github.com/sponsors/ljharb"
      }
    },
    "node_modules/get-proto": {
      "version": "1.0.1",
      "resolved": "https://registry.npmjs.org/get-proto/-/get-proto-1.0.1.tgz",
      "integrity": "sha512-sTSfBjoXBp89JvIKIefqw7U2CCebsc74kiY6awiGogKtoSGbgjYE/G/+l9sF3MWFPNc9IcoOC4ODfKHfxFmp0g==",
      "dev": true,
      "dependencies": {
        "dunder-proto": "^1.0.1",
        "es-object-atoms": "^1.0.0"
      },
      "engines": {
        "node": ">= 0.4"
      }
    },
    "node_modules/gopd": {
      "version": "1.2.0",
      "resolved": "https://registry.npmjs.org/gopd/-/gopd-1.2.0.tgz",
      "integrity": "sha512-ZUKRh6/kUFoAiTAtTYPZJ3hw9wNxx+BIBOijnlG9PnrJsCcSjs1wyyD6vJpaYtgnzDrKYRSqf3OO6Rfa93xsRg==",
      "dev": true,
      "engines": {
        "node": ">= 0.4"
      },
      "funding": {
        "url": "https://github.com/sponsors/ljharb"
      }
    },
    "node_modules/has-property-descriptors": {
      "version": "1.0.2",
      "resolved": "https://registry.npmjs.org/has-property-descriptors/-/has-property-descriptors-1.0.2.tgz",
      "integrity": "sha512-55JNKuIW+vq4Ke1BjOTjM2YctQIvCT7GFzHwmfZPGo5wnrgkid0YQtnAleFSqumZm4az3n2BS+erby5ipJdgrg==",
      "dev": true,
      "dependencies": {
        "es-define-property": "^1.0.0"
      },
      "funding": {
        "url": "https://github.com/sponsors/ljharb"
      }
    },
    "node_modules/has-symbols": {
      "version": "1.1.0",
      "resolved": "https://registry.npmjs.org/has-symbols/-/has-symbols-1.1.0.tgz",
      "integrity": "sha512-1cDNdwJ2Jaohmb3sg4OmKaMBwuC48sYni5HUw2DvsC8LjGTLK9h+eb1X6RyuOHe4hT0ULCW68iomhjUoKUqlPQ==",
      "dev": true,
      "engines": {
        "node": ">= 0.4"
      },
      "funding": {
        "url": "https://github.com/sponsors/ljharb"
      }
    },
    "node_modules/hasown": {
      "version": "2.0.2",
      "resolved": "https://registry.npmjs.org/hasown/-/hasown-2.0.2.tgz",
      "integrity": "sha512-0hJU9SCPvmMzIBdZFqNPXWa6dqh7WdH0cII9y+CyS8rG3nL48Bclra9HmKhVVUHyPWNH5Y7xDwAB7bfgSjkUMQ==",
      "dev": true,
      "dependencies": {
        "function-bind": "^1.1.2"
      },
      "engines": {
        "node": ">= 0.4"
      }
    },
    "node_modules/isarray": {
      "version": "2.0.5",
      "resolved": "https://registry.npmjs.org/isarray/-/isarray-2.0.5.tgz",
      "integrity": "sha512-xHjhDr3cNBK0BzdUJSPXZntQUx/mwMS5Rw4A7lPJ90XGAO6ISP/ePDNuo0vhqOZU+UD5JoodwCAAoZQd3FeAKw==",
      "dev": true
    },
    "node_modules/json-stable-stringify": {
      "version": "1.3.0",
      "resolved": "https://registry.npmjs.org/json-stable-stringify/-/json-stable-stringify-1.3.0.tgz",
      "integrity": "sha512-qtYiSSFlwot9XHtF9bD9c7rwKjr+RecWT//ZnPvSmEjpV5mmPOCN4j8UjY5hbjNkOwZ/jQv3J6R1/pL7RwgMsg==",
      "dev": true,
      "dependencies": {
        "call-bind": "^1.0.8",
        "call-bound": "^1.0.4",
        "isarray": "^2.0.5",
        "jsonify": "^0.0.1",
        "object-keys": "^1.1.1"
      },
      "engines": {
        "node": ">= 0.4"
      },
      "funding": {
        "url": "https://github.com/sponsors/ljharb"
      }
    },
    "node_modules/jsonify": {
      "version": "0.0.1",
      "resolved": "https://registry.npmjs.org/jsonify/-/jsonify-0.0.1.tgz",
      "integrity": "sha512-2/Ki0GcmuqSrgFyelQq9M05y7PS0mEwuIzrf3f1fPqkVDVRvZrPZtVSMHxdgo8Aq0sxAOb/cr2aqqA3LeWHVPg==",
      "dev": true,
      "funding": {
        "url": "https://github.com/sponsors/ljharb"
      }
    },
    "node_modules/kleur": {
      "version": "3.0.3",
      "resolved": "https://registry.npmjs.org/kleur/-/kleur-3.0.3.tgz",
      "integrity": "sha512-eTIzlVOSUR+JxdDFepEYcBMtZ9Qqdef+rnzWdRZuMbOywu5tO2w2N7rqjoANZ5k9vywhL6Br1VRjUIgTQx4E8w==",
      "dev": true,
      "engines": {
        "node": ">=6"
      }
    },
    "node_modules/math-intrinsics": {
      "version": "1.1.0",
      "resolved": "https://registry.npmjs.org/math-intrinsics/-/math-intrinsics-1.1.0.tgz",
      "integrity": "sha512-/IXtbwEk5HTPyEwyKX6hGkYXxM9nbj64B+ilVJnC/R6B0pH5G4V3b0pVbL7DBj4tkhBAppbQUlf6F6Xl9LHu1g==",
      "dev": true,
      "engines": {
        "node": ">= 0.4"
      }
    },
    "node_modules/nunjucks": {
      "version": "3.2.4",
      "resolved": "https://registry.npmjs.org/nunjucks/-/nunjucks-3.2.4.tgz",
      "integrity": "sha512-26XRV6BhkgK0VOxfbU5cQI+ICFUtMLixv1noZn1tGU38kQH5A5nmmbk/O45xdyBhD1esk47nKrY0mvQpZIhRjQ==",
      "dev": true,
      "dependencies": {
        "a-sync-waterfall": "^1.0.0",
        "asap": "^2.0.3",
        "commander": "^5.1.0"
      },
      "bin": {
        "nunjucks-precompile": "bin/precompile"
      },
      "engines": {
        "node": ">= 6.9.0"
      },
      "peerDependencies": {
        "chokidar": "^3.3.0"
      },
      "peerDependenciesMeta": {
        "chokidar": {
          "optional": true
        }
      }
    },
    "node_modules/nunjucks/node_modules/commander": {
      "version": "5.1.0",
      "resolved": "https://registry.npmjs.org/commander/-/commander-5.1.0.tgz",
      "integrity": "sha512-P0CysNDQ7rtVw4QIQtm+MRxV66vKFSvlsQvGYXZWR3qFU0jlMKHZZZgw8e+8DSah4UDKMqnknRDQz+xuQXQ/Zg==",
      "dev": true,
      "engines": {
        "node": ">= 6"
      }
    },
    "node_modules/object-keys": {
      "version": "1.1.1",
      "resolved": "https://registry.npmjs.org/object-keys/-/object-keys-1.1.1.tgz",
      "integrity": "sha512-NuAESUOUMrlIXOfHKzD6bpPu3tYt3xvjNdRIQ+FeT0lNb4K8WR70CaDxhuNguS2XG+GjkyMwOzsN5ZktImfhLA==",
      "dev": true,
      "engines": {
        "node": ">= 0.4"
      }
    },
    "node_modules/picocolors": {
      "version": "1.1.1",
      "resolved": "https://registry.npmjs.org/picocolors/-/picocolors-1.1.1.tgz",
      "integrity": "sha512-xceH2snhtb5M9liqDsmEw56le376mTZkEX/jEb/RxNFyegNul7eNslCXP9FDj/Lcu0X8KEyMceP2ntpaHrDEVA==",
      "dev": true
    },
    "node_modules/prettier": {
      "version": "3.5.3",
      "resolved": "https://registry.npmjs.org/prettier/-/prettier-3.5.3.tgz",
      "integrity": "sha512-QQtaxnoDJeAkDvDKWCLiwIXkTgRhwYDEQCghU9Z6q03iyek/rxRh/2lC3HB7P8sWT2xC/y5JDctPLBIGzHKbhw==",
      "dev": true,
      "bin": {
        "prettier": "bin/prettier.cjs"
      },
      "engines": {
        "node": ">=14"
      },
      "funding": {
        "url": "https://github.com/prettier/prettier?sponsor=1"
      }
    },
    "node_modules/prompts": {
      "version": "2.4.2",
      "resolved": "https://registry.npmjs.org/prompts/-/prompts-2.4.2.tgz",
      "integrity": "sha512-NxNv/kLguCA7p3jE8oL2aEBsrJWgAakBpgmgK6lpPWV+WuOmY6r2/zbAVnP+T8bQlA0nzHXSJSJW0Hq7ylaD2Q==",
      "dev": true,
      "dependencies": {
        "kleur": "^3.0.3",
        "sisteransi": "^1.0.5"
      },
      "engines": {
        "node": ">= 6"
      }
    },
    "node_modules/set-function-length": {
      "version": "1.2.2",
      "resolved": "https://registry.npmjs.org/set-function-length/-/set-function-length-1.2.2.tgz",
      "integrity": "sha512-pgRc4hJ4/sNjWCSS9AmnS40x3bNMDTknHgL5UaMBTMyJnU90EgWh1Rz+MC9eFu4BuN/UwZjKQuY/1v3rM7HMfg==",
      "dev": true,
      "dependencies": {
        "define-data-property": "^1.1.4",
        "es-errors": "^1.3.0",
        "function-bind": "^1.1.2",
        "get-intrinsic": "^1.2.4",
        "gopd": "^1.0.1",
        "has-property-descriptors": "^1.0.2"
      },
      "engines": {
        "node": ">= 0.4"
      }
    },
    "node_modules/sisteransi": {
      "version": "1.0.5",
      "resolved": "https://registry.npmjs.org/sisteransi/-/sisteransi-1.0.5.tgz",
      "integrity": "sha512-bLGGlR1QxBcynn2d5YmDX4MGjlZvy2MRBDRNHLJ8VI6l6+9FUiyTFNJ0IveOSP0bcXgVDPRcfGqA0pjaqUpfVg==",
      "dev": true
    },
    "node_modules/typescript": {
      "version": "5.8.3",
      "resolved": "https://registry.npmjs.org/typescript/-/typescript-5.8.3.tgz",
      "integrity": "sha512-p1diW6TqL9L07nNxvRMM7hMMw4c5XOo/1ibL4aAIGmSAt9slTE1Xgw5KWuof2uTOvCg9BY7ZRi+GaF+7sfgPeQ==",
      "dev": true,
      "bin": {
        "tsc": "bin/tsc",
        "tsserver": "bin/tsserver"
      },
      "engines": {
        "node": ">=14.17"
      }
    },
    "node_modules/zx": {
      "version": "8.5.3",
      "resolved": "https://registry.npmjs.org/zx/-/zx-8.5.3.tgz",
      "integrity": "sha512-TsGLAt8Ngr4wDXLZmN9BT+6FWVLFbqdQ0qpXkV3tIfH7F+MgN/WUeSY7W4nNqAntjWunmnRaznpyxtJRPhCbUQ==",
      "dev": true,
      "bin": {
        "zx": "build/cli.js"
      },
      "engines": {
        "node": ">= 12.17.0"
      }
    }
  }
}
